// !$*UTF8*$!
{
	archiveVersion = 1;
	classes = {
	};
	objectVersion = 55;
	objects = {

/* Begin PBXBuildFile section */
		C816119C279A64A300BCC7BC /* Tests_iOS.swift in Sources */ = {isa = PBXBuildFile; fileRef = C816119B279A64A300BCC7BC /* Tests_iOS.swift */; };
		C816119E279A64A300BCC7BC /* Tests_iOSLaunchTests.swift in Sources */ = {isa = PBXBuildFile; fileRef = C816119D279A64A300BCC7BC /* Tests_iOSLaunchTests.swift */; };
		C81611A8279A64A300BCC7BC /* Tests_macOS.swift in Sources */ = {isa = PBXBuildFile; fileRef = C81611A7279A64A300BCC7BC /* Tests_macOS.swift */; };
		C81611AA279A64A300BCC7BC /* Tests_macOSLaunchTests.swift in Sources */ = {isa = PBXBuildFile; fileRef = C81611A9279A64A300BCC7BC /* Tests_macOSLaunchTests.swift */; };
		C81611AB279A64A300BCC7BC /* Battery_MonitorApp.swift in Sources */ = {isa = PBXBuildFile; fileRef = C8161183279A64A200BCC7BC /* Battery_MonitorApp.swift */; };
		C81611AC279A64A300BCC7BC /* Battery_MonitorApp.swift in Sources */ = {isa = PBXBuildFile; fileRef = C8161183279A64A200BCC7BC /* Battery_MonitorApp.swift */; };
		C81611AD279A64A300BCC7BC /* ContentView.swift in Sources */ = {isa = PBXBuildFile; fileRef = C8161184279A64A200BCC7BC /* ContentView.swift */; };
		C81611AE279A64A300BCC7BC /* ContentView.swift in Sources */ = {isa = PBXBuildFile; fileRef = C8161184279A64A200BCC7BC /* ContentView.swift */; };
		C81611AF279A64A300BCC7BC /* Assets.xcassets in Resources */ = {isa = PBXBuildFile; fileRef = C8161185279A64A300BCC7BC /* Assets.xcassets */; };
		C81611B0279A64A300BCC7BC /* Assets.xcassets in Resources */ = {isa = PBXBuildFile; fileRef = C8161185279A64A300BCC7BC /* Assets.xcassets */; };
		C81611C1279A66E300BCC7BC /* SwiftUICharts in Frameworks */ = {isa = PBXBuildFile; productRef = C81611C0279A66E300BCC7BC /* SwiftUICharts */; };
/* End PBXBuildFile section */

/* Begin PBXContainerItemProxy section */
		C8161198279A64A300BCC7BC /* PBXContainerItemProxy */ = {
			isa = PBXContainerItemProxy;
			containerPortal = C816117E279A64A200BCC7BC /* Project object */;
			proxyType = 1;
			remoteGlobalIDString = C8161189279A64A300BCC7BC;
			remoteInfo = "Battery Monitor (iOS)";
		};
		C81611A4279A64A300BCC7BC /* PBXContainerItemProxy */ = {
			isa = PBXContainerItemProxy;
			containerPortal = C816117E279A64A200BCC7BC /* Project object */;
			proxyType = 1;
			remoteGlobalIDString = C816118F279A64A300BCC7BC;
			remoteInfo = "Battery Monitor (macOS)";
		};
/* End PBXContainerItemProxy section */

/* Begin PBXFileReference section */
		C8161183279A64A200BCC7BC /* Battery_MonitorApp.swift */ = {isa = PBXFileReference; lastKnownFileType = sourcecode.swift; path = Battery_MonitorApp.swift; sourceTree = "<group>"; };
		C8161184279A64A200BCC7BC /* ContentView.swift */ = {isa = PBXFileReference; lastKnownFileType = sourcecode.swift; path = ContentView.swift; sourceTree = "<group>"; };
		C8161185279A64A300BCC7BC /* Assets.xcassets */ = {isa = PBXFileReference; lastKnownFileType = folder.assetcatalog; path = Assets.xcassets; sourceTree = "<group>"; };
		C816118A279A64A300BCC7BC /* Battery Monitor.app */ = {isa = PBXFileReference; explicitFileType = wrapper.application; includeInIndex = 0; path = "Battery Monitor.app"; sourceTree = BUILT_PRODUCTS_DIR; };
		C8161190279A64A300BCC7BC /* Battery Monitor.app */ = {isa = PBXFileReference; explicitFileType = wrapper.application; includeInIndex = 0; path = "Battery Monitor.app"; sourceTree = BUILT_PRODUCTS_DIR; };
		C8161192279A64A300BCC7BC /* macOS.entitlements */ = {isa = PBXFileReference; lastKnownFileType = text.plist.entitlements; path = macOS.entitlements; sourceTree = "<group>"; };
		C8161197279A64A300BCC7BC /* Tests iOS.xctest */ = {isa = PBXFileReference; explicitFileType = wrapper.cfbundle; includeInIndex = 0; path = "Tests iOS.xctest"; sourceTree = BUILT_PRODUCTS_DIR; };
		C816119B279A64A300BCC7BC /* Tests_iOS.swift */ = {isa = PBXFileReference; lastKnownFileType = sourcecode.swift; path = Tests_iOS.swift; sourceTree = "<group>"; };
		C816119D279A64A300BCC7BC /* Tests_iOSLaunchTests.swift */ = {isa = PBXFileReference; lastKnownFileType = sourcecode.swift; path = Tests_iOSLaunchTests.swift; sourceTree = "<group>"; };
		C81611A3279A64A300BCC7BC /* Tests macOS.xctest */ = {isa = PBXFileReference; explicitFileType = wrapper.cfbundle; includeInIndex = 0; path = "Tests macOS.xctest"; sourceTree = BUILT_PRODUCTS_DIR; };
		C81611A7279A64A300BCC7BC /* Tests_macOS.swift */ = {isa = PBXFileReference; lastKnownFileType = sourcecode.swift; path = Tests_macOS.swift; sourceTree = "<group>"; };
		C81611A9279A64A300BCC7BC /* Tests_macOSLaunchTests.swift */ = {isa = PBXFileReference; lastKnownFileType = sourcecode.swift; path = Tests_macOSLaunchTests.swift; sourceTree = "<group>"; };
/* End PBXFileReference section */

/* Begin PBXFrameworksBuildPhase section */
		C8161187279A64A300BCC7BC /* Frameworks */ = {
			isa = PBXFrameworksBuildPhase;
			buildActionMask = 2147483647;
			files = (
				C81611C1279A66E300BCC7BC /* SwiftUICharts in Frameworks */,
			);
			runOnlyForDeploymentPostprocessing = 0;
		};
		C816118D279A64A300BCC7BC /* Frameworks */ = {
			isa = PBXFrameworksBuildPhase;
			buildActionMask = 2147483647;
			files = (
			);
			runOnlyForDeploymentPostprocessing = 0;
		};
		C8161194279A64A300BCC7BC /* Frameworks */ = {
			isa = PBXFrameworksBuildPhase;
			buildActionMask = 2147483647;
			files = (
			);
			runOnlyForDeploymentPostprocessing = 0;
		};
		C81611A0279A64A300BCC7BC /* Frameworks */ = {
			isa = PBXFrameworksBuildPhase;
			buildActionMask = 2147483647;
			files = (
			);
			runOnlyForDeploymentPostprocessing = 0;
		};
/* End PBXFrameworksBuildPhase section */

/* Begin PBXGroup section */
		C816117D279A64A200BCC7BC = {
			isa = PBXGroup;
			children = (
				C8161182279A64A200BCC7BC /* Shared */,
				C8161191279A64A300BCC7BC /* macOS */,
				C816119A279A64A300BCC7BC /* Tests iOS */,
				C81611A6279A64A300BCC7BC /* Tests macOS */,
				C816118B279A64A300BCC7BC /* Products */,
			);
			sourceTree = "<group>";
		};
		C8161182279A64A200BCC7BC /* Shared */ = {
			isa = PBXGroup;
			children = (
				C8161183279A64A200BCC7BC /* Battery_MonitorApp.swift */,
				C8161184279A64A200BCC7BC /* ContentView.swift */,
				C8161185279A64A300BCC7BC /* Assets.xcassets */,
			);
			path = Shared;
			sourceTree = "<group>";
		};
		C816118B279A64A300BCC7BC /* Products */ = {
			isa = PBXGroup;
			children = (
				C816118A279A64A300BCC7BC /* Battery Monitor.app */,
				C8161190279A64A300BCC7BC /* Battery Monitor.app */,
				C8161197279A64A300BCC7BC /* Tests iOS.xctest */,
				C81611A3279A64A300BCC7BC /* Tests macOS.xctest */,
			);
			name = Products;
			sourceTree = "<group>";
		};
		C8161191279A64A300BCC7BC /* macOS */ = {
			isa = PBXGroup;
			children = (
				C8161192279A64A300BCC7BC /* macOS.entitlements */,
			);
			path = macOS;
			sourceTree = "<group>";
		};
		C816119A279A64A300BCC7BC /* Tests iOS */ = {
			isa = PBXGroup;
			children = (
				C816119B279A64A300BCC7BC /* Tests_iOS.swift */,
				C816119D279A64A300BCC7BC /* Tests_iOSLaunchTests.swift */,
			);
			path = "Tests iOS";
			sourceTree = "<group>";
		};
		C81611A6279A64A300BCC7BC /* Tests macOS */ = {
			isa = PBXGroup;
			children = (
				C81611A7279A64A300BCC7BC /* Tests_macOS.swift */,
				C81611A9279A64A300BCC7BC /* Tests_macOSLaunchTests.swift */,
			);
			path = "Tests macOS";
			sourceTree = "<group>";
		};
/* End PBXGroup section */

/* Begin PBXNativeTarget section */
		C8161189279A64A300BCC7BC /* Battery Monitor (iOS) */ = {
			isa = PBXNativeTarget;
			buildConfigurationList = C81611B3279A64A300BCC7BC /* Build configuration list for PBXNativeTarget "Battery Monitor (iOS)" */;
			buildPhases = (
				C8161186279A64A300BCC7BC /* Sources */,
				C8161187279A64A300BCC7BC /* Frameworks */,
				C8161188279A64A300BCC7BC /* Resources */,
			);
			buildRules = (
			);
			dependencies = (
			);
			name = "Battery Monitor (iOS)";
			packageProductDependencies = (
				C81611C0279A66E300BCC7BC /* SwiftUICharts */,
			);
			productName = "Battery Monitor (iOS)";
			productReference = C816118A279A64A300BCC7BC /* Battery Monitor.app */;
			productType = "com.apple.product-type.application";
		};
		C816118F279A64A300BCC7BC /* Battery Monitor (macOS) */ = {
			isa = PBXNativeTarget;
			buildConfigurationList = C81611B6279A64A300BCC7BC /* Build configuration list for PBXNativeTarget "Battery Monitor (macOS)" */;
			buildPhases = (
				C816118C279A64A300BCC7BC /* Sources */,
				C816118D279A64A300BCC7BC /* Frameworks */,
				C816118E279A64A300BCC7BC /* Resources */,
			);
			buildRules = (
			);
			dependencies = (
			);
			name = "Battery Monitor (macOS)";
			productName = "Battery Monitor (macOS)";
			productReference = C8161190279A64A300BCC7BC /* Battery Monitor.app */;
			productType = "com.apple.product-type.application";
		};
		C8161196279A64A300BCC7BC /* Tests iOS */ = {
			isa = PBXNativeTarget;
			buildConfigurationList = C81611B9279A64A300BCC7BC /* Build configuration list for PBXNativeTarget "Tests iOS" */;
			buildPhases = (
				C8161193279A64A300BCC7BC /* Sources */,
				C8161194279A64A300BCC7BC /* Frameworks */,
				C8161195279A64A300BCC7BC /* Resources */,
			);
			buildRules = (
			);
			dependencies = (
				C8161199279A64A300BCC7BC /* PBXTargetDependency */,
			);
			name = "Tests iOS";
			productName = "Tests iOS";
			productReference = C8161197279A64A300BCC7BC /* Tests iOS.xctest */;
			productType = "com.apple.product-type.bundle.ui-testing";
		};
		C81611A2279A64A300BCC7BC /* Tests macOS */ = {
			isa = PBXNativeTarget;
			buildConfigurationList = C81611BC279A64A300BCC7BC /* Build configuration list for PBXNativeTarget "Tests macOS" */;
			buildPhases = (
				C816119F279A64A300BCC7BC /* Sources */,
				C81611A0279A64A300BCC7BC /* Frameworks */,
				C81611A1279A64A300BCC7BC /* Resources */,
			);
			buildRules = (
			);
			dependencies = (
				C81611A5279A64A300BCC7BC /* PBXTargetDependency */,
			);
			name = "Tests macOS";
			productName = "Tests macOS";
			productReference = C81611A3279A64A300BCC7BC /* Tests macOS.xctest */;
			productType = "com.apple.product-type.bundle.ui-testing";
		};
/* End PBXNativeTarget section */

/* Begin PBXProject section */
		C816117E279A64A200BCC7BC /* Project object */ = {
			isa = PBXProject;
			attributes = {
				BuildIndependentTargetsInParallel = 1;
				LastSwiftUpdateCheck = 1320;
				LastUpgradeCheck = 1320;
				TargetAttributes = {
					C8161189279A64A300BCC7BC = {
						CreatedOnToolsVersion = 13.2.1;
					};
					C816118F279A64A300BCC7BC = {
						CreatedOnToolsVersion = 13.2.1;
					};
					C8161196279A64A300BCC7BC = {
						CreatedOnToolsVersion = 13.2.1;
						TestTargetID = C8161189279A64A300BCC7BC;
					};
					C81611A2279A64A300BCC7BC = {
						CreatedOnToolsVersion = 13.2.1;
						TestTargetID = C816118F279A64A300BCC7BC;
					};
				};
			};
			buildConfigurationList = C8161181279A64A200BCC7BC /* Build configuration list for PBXProject "Battery Monitor" */;
			compatibilityVersion = "Xcode 13.0";
			developmentRegion = en;
			hasScannedForEncodings = 0;
			knownRegions = (
				en,
				Base,
			);
			mainGroup = C816117D279A64A200BCC7BC;
			packageReferences = (
				C81611BF279A66E300BCC7BC /* XCRemoteSwiftPackageReference "ChartView" */,
			);
			productRefGroup = C816118B279A64A300BCC7BC /* Products */;
			projectDirPath = "";
			projectRoot = "";
			targets = (
				C8161189279A64A300BCC7BC /* Battery Monitor (iOS) */,
				C816118F279A64A300BCC7BC /* Battery Monitor (macOS) */,
				C8161196279A64A300BCC7BC /* Tests iOS */,
				C81611A2279A64A300BCC7BC /* Tests macOS */,
			);
		};
/* End PBXProject section */

/* Begin PBXResourcesBuildPhase section */
		C8161188279A64A300BCC7BC /* Resources */ = {
			isa = PBXResourcesBuildPhase;
			buildActionMask = 2147483647;
			files = (
				C81611AF279A64A300BCC7BC /* Assets.xcassets in Resources */,
			);
			runOnlyForDeploymentPostprocessing = 0;
		};
		C816118E279A64A300BCC7BC /* Resources */ = {
			isa = PBXResourcesBuildPhase;
			buildActionMask = 2147483647;
			files = (
				C81611B0279A64A300BCC7BC /* Assets.xcassets in Resources */,
			);
			runOnlyForDeploymentPostprocessing = 0;
		};
		C8161195279A64A300BCC7BC /* Resources */ = {
			isa = PBXResourcesBuildPhase;
			buildActionMask = 2147483647;
			files = (
			);
			runOnlyForDeploymentPostprocessing = 0;
		};
		C81611A1279A64A300BCC7BC /* Resources */ = {
			isa = PBXResourcesBuildPhase;
			buildActionMask = 2147483647;
			files = (
			);
			runOnlyForDeploymentPostprocessing = 0;
		};
/* End PBXResourcesBuildPhase section */

/* Begin PBXSourcesBuildPhase section */
		C8161186279A64A300BCC7BC /* Sources */ = {
			isa = PBXSourcesBuildPhase;
			buildActionMask = 2147483647;
			files = (
				C81611AD279A64A300BCC7BC /* ContentView.swift in Sources */,
				C81611AB279A64A300BCC7BC /* Battery_MonitorApp.swift in Sources */,
			);
			runOnlyForDeploymentPostprocessing = 0;
		};
		C816118C279A64A300BCC7BC /* Sources */ = {
			isa = PBXSourcesBuildPhase;
			buildActionMask = 2147483647;
			files = (
				C81611AE279A64A300BCC7BC /* ContentView.swift in Sources */,
				C81611AC279A64A300BCC7BC /* Battery_MonitorApp.swift in Sources */,
			);
			runOnlyForDeploymentPostprocessing = 0;
		};
		C8161193279A64A300BCC7BC /* Sources */ = {
			isa = PBXSourcesBuildPhase;
			buildActionMask = 2147483647;
			files = (
				C816119E279A64A300BCC7BC /* Tests_iOSLaunchTests.swift in Sources */,
				C816119C279A64A300BCC7BC /* Tests_iOS.swift in Sources */,
			);
			runOnlyForDeploymentPostprocessing = 0;
		};
		C816119F279A64A300BCC7BC /* Sources */ = {
			isa = PBXSourcesBuildPhase;
			buildActionMask = 2147483647;
			files = (
				C81611AA279A64A300BCC7BC /* Tests_macOSLaunchTests.swift in Sources */,
				C81611A8279A64A300BCC7BC /* Tests_macOS.swift in Sources */,
			);
			runOnlyForDeploymentPostprocessing = 0;
		};
/* End PBXSourcesBuildPhase section */

/* Begin PBXTargetDependency section */
		C8161199279A64A300BCC7BC /* PBXTargetDependency */ = {
			isa = PBXTargetDependency;
			target = C8161189279A64A300BCC7BC /* Battery Monitor (iOS) */;
			targetProxy = C8161198279A64A300BCC7BC /* PBXContainerItemProxy */;
		};
		C81611A5279A64A300BCC7BC /* PBXTargetDependency */ = {
			isa = PBXTargetDependency;
			target = C816118F279A64A300BCC7BC /* Battery Monitor (macOS) */;
			targetProxy = C81611A4279A64A300BCC7BC /* PBXContainerItemProxy */;
		};
/* End PBXTargetDependency section */

/* Begin XCBuildConfiguration section */
		C81611B1279A64A300BCC7BC /* Debug */ = {
			isa = XCBuildConfiguration;
			buildSettings = {
				ALWAYS_SEARCH_USER_PATHS = NO;
				CLANG_ANALYZER_NONNULL = YES;
				CLANG_ANALYZER_NUMBER_OBJECT_CONVERSION = YES_AGGRESSIVE;
				CLANG_CXX_LANGUAGE_STANDARD = "gnu++17";
				CLANG_CXX_LIBRARY = "libc++";
				CLANG_ENABLE_MODULES = YES;
				CLANG_ENABLE_OBJC_ARC = YES;
				CLANG_ENABLE_OBJC_WEAK = YES;
				CLANG_WARN_BLOCK_CAPTURE_AUTORELEASING = YES;
				CLANG_WARN_BOOL_CONVERSION = YES;
				CLANG_WARN_COMMA = YES;
				CLANG_WARN_CONSTANT_CONVERSION = YES;
				CLANG_WARN_DEPRECATED_OBJC_IMPLEMENTATIONS = YES;
				CLANG_WARN_DIRECT_OBJC_ISA_USAGE = YES_ERROR;
				CLANG_WARN_DOCUMENTATION_COMMENTS = YES;
				CLANG_WARN_EMPTY_BODY = YES;
				CLANG_WARN_ENUM_CONVERSION = YES;
				CLANG_WARN_INFINITE_RECURSION = YES;
				CLANG_WARN_INT_CONVERSION = YES;
				CLANG_WARN_NON_LITERAL_NULL_CONVERSION = YES;
				CLANG_WARN_OBJC_IMPLICIT_RETAIN_SELF = YES;
				CLANG_WARN_OBJC_LITERAL_CONVERSION = YES;
				CLANG_WARN_OBJC_ROOT_CLASS = YES_ERROR;
				CLANG_WARN_QUOTED_INCLUDE_IN_FRAMEWORK_HEADER = YES;
				CLANG_WARN_RANGE_LOOP_ANALYSIS = YES;
				CLANG_WARN_STRICT_PROTOTYPES = YES;
				CLANG_WARN_SUSPICIOUS_MOVE = YES;
				CLANG_WARN_UNGUARDED_AVAILABILITY = YES_AGGRESSIVE;
				CLANG_WARN_UNREACHABLE_CODE = YES;
				CLANG_WARN__DUPLICATE_METHOD_MATCH = YES;
				COPY_PHASE_STRIP = NO;
				DEBUG_INFORMATION_FORMAT = dwarf;
				ENABLE_STRICT_OBJC_MSGSEND = YES;
				ENABLE_TESTABILITY = YES;
				GCC_C_LANGUAGE_STANDARD = gnu11;
				GCC_DYNAMIC_NO_PIC = NO;
				GCC_NO_COMMON_BLOCKS = YES;
				GCC_OPTIMIZATION_LEVEL = 0;
				GCC_PREPROCESSOR_DEFINITIONS = (
					"DEBUG=1",
					"$(inherited)",
				);
				GCC_WARN_64_TO_32_BIT_CONVERSION = YES;
				GCC_WARN_ABOUT_RETURN_TYPE = YES_ERROR;
				GCC_WARN_UNDECLARED_SELECTOR = YES;
				GCC_WARN_UNINITIALIZED_AUTOS = YES_AGGRESSIVE;
				GCC_WARN_UNUSED_FUNCTION = YES;
				GCC_WARN_UNUSED_VARIABLE = YES;
				MTL_ENABLE_DEBUG_INFO = INCLUDE_SOURCE;
				MTL_FAST_MATH = YES;
				ONLY_ACTIVE_ARCH = YES;
				SWIFT_ACTIVE_COMPILATION_CONDITIONS = DEBUG;
				SWIFT_OPTIMIZATION_LEVEL = "-Onone";
			};
			name = Debug;
		};
		C81611B2279A64A300BCC7BC /* Release */ = {
			isa = XCBuildConfiguration;
			buildSettings = {
				ALWAYS_SEARCH_USER_PATHS = NO;
				CLANG_ANALYZER_NONNULL = YES;
				CLANG_ANALYZER_NUMBER_OBJECT_CONVERSION = YES_AGGRESSIVE;
				CLANG_CXX_LANGUAGE_STANDARD = "gnu++17";
				CLANG_CXX_LIBRARY = "libc++";
				CLANG_ENABLE_MODULES = YES;
				CLANG_ENABLE_OBJC_ARC = YES;
				CLANG_ENABLE_OBJC_WEAK = YES;
				CLANG_WARN_BLOCK_CAPTURE_AUTORELEASING = YES;
				CLANG_WARN_BOOL_CONVERSION = YES;
				CLANG_WARN_COMMA = YES;
				CLANG_WARN_CONSTANT_CONVERSION = YES;
				CLANG_WARN_DEPRECATED_OBJC_IMPLEMENTATIONS = YES;
				CLANG_WARN_DIRECT_OBJC_ISA_USAGE = YES_ERROR;
				CLANG_WARN_DOCUMENTATION_COMMENTS = YES;
				CLANG_WARN_EMPTY_BODY = YES;
				CLANG_WARN_ENUM_CONVERSION = YES;
				CLANG_WARN_INFINITE_RECURSION = YES;
				CLANG_WARN_INT_CONVERSION = YES;
				CLANG_WARN_NON_LITERAL_NULL_CONVERSION = YES;
				CLANG_WARN_OBJC_IMPLICIT_RETAIN_SELF = YES;
				CLANG_WARN_OBJC_LITERAL_CONVERSION = YES;
				CLANG_WARN_OBJC_ROOT_CLASS = YES_ERROR;
				CLANG_WARN_QUOTED_INCLUDE_IN_FRAMEWORK_HEADER = YES;
				CLANG_WARN_RANGE_LOOP_ANALYSIS = YES;
				CLANG_WARN_STRICT_PROTOTYPES = YES;
				CLANG_WARN_SUSPICIOUS_MOVE = YES;
				CLANG_WARN_UNGUARDED_AVAILABILITY = YES_AGGRESSIVE;
				CLANG_WARN_UNREACHABLE_CODE = YES;
				CLANG_WARN__DUPLICATE_METHOD_MATCH = YES;
				COPY_PHASE_STRIP = NO;
				DEBUG_INFORMATION_FORMAT = "dwarf-with-dsym";
				ENABLE_NS_ASSERTIONS = NO;
				ENABLE_STRICT_OBJC_MSGSEND = YES;
				GCC_C_LANGUAGE_STANDARD = gnu11;
				GCC_NO_COMMON_BLOCKS = YES;
				GCC_WARN_64_TO_32_BIT_CONVERSION = YES;
				GCC_WARN_ABOUT_RETURN_TYPE = YES_ERROR;
				GCC_WARN_UNDECLARED_SELECTOR = YES;
				GCC_WARN_UNINITIALIZED_AUTOS = YES_AGGRESSIVE;
				GCC_WARN_UNUSED_FUNCTION = YES;
				GCC_WARN_UNUSED_VARIABLE = YES;
				MTL_ENABLE_DEBUG_INFO = NO;
				MTL_FAST_MATH = YES;
				SWIFT_COMPILATION_MODE = wholemodule;
				SWIFT_OPTIMIZATION_LEVEL = "-O";
			};
			name = Release;
		};
		C81611B4279A64A300BCC7BC /* Debug */ = {
			isa = XCBuildConfiguration;
			buildSettings = {
				ASSETCATALOG_COMPILER_APPICON_NAME = AppIcon;
				ASSETCATALOG_COMPILER_GLOBAL_ACCENT_COLOR_NAME = AccentColor;
				CODE_SIGN_STYLE = Automatic;
				CURRENT_PROJECT_VERSION = 1;
				DEVELOPMENT_TEAM = Q24TVVV3B5;
				ENABLE_PREVIEWS = YES;
				GENERATE_INFOPLIST_FILE = YES;
				INFOPLIST_KEY_UIApplicationSceneManifest_Generation = YES;
				INFOPLIST_KEY_UIApplicationSupportsIndirectInputEvents = YES;
				INFOPLIST_KEY_UILaunchScreen_Generation = YES;
				INFOPLIST_KEY_UISupportedInterfaceOrientations_iPad = "UIInterfaceOrientationPortrait UIInterfaceOrientationPortraitUpsideDown UIInterfaceOrientationLandscapeLeft UIInterfaceOrientationLandscapeRight";
				INFOPLIST_KEY_UISupportedInterfaceOrientations_iPhone = "UIInterfaceOrientationPortrait UIInterfaceOrientationLandscapeLeft UIInterfaceOrientationLandscapeRight";
				IPHONEOS_DEPLOYMENT_TARGET = 15.2;
				LD_RUNPATH_SEARCH_PATHS = (
					"$(inherited)",
					"@executable_path/Frameworks",
				);
				MARKETING_VERSION = 1.0;
				PRODUCT_BUNDLE_IDENTIFIER = "Texas-A-m.Battery-Monitor";
				PRODUCT_NAME = "Battery Monitor";
				SDKROOT = iphoneos;
				SWIFT_EMIT_LOC_STRINGS = YES;
				SWIFT_VERSION = 5.0;
				TARGETED_DEVICE_FAMILY = "1,2";
			};
			name = Debug;
		};
		C81611B5279A64A300BCC7BC /* Release */ = {
			isa = XCBuildConfiguration;
			buildSettings = {
				ASSETCATALOG_COMPILER_APPICON_NAME = AppIcon;
				ASSETCATALOG_COMPILER_GLOBAL_ACCENT_COLOR_NAME = AccentColor;
				CODE_SIGN_STYLE = Automatic;
				CURRENT_PROJECT_VERSION = 1;
				DEVELOPMENT_TEAM = Q24TVVV3B5;
				ENABLE_PREVIEWS = YES;
				GENERATE_INFOPLIST_FILE = YES;
				INFOPLIST_KEY_UIApplicationSceneManifest_Generation = YES;
				INFOPLIST_KEY_UIApplicationSupportsIndirectInputEvents = YES;
				INFOPLIST_KEY_UILaunchScreen_Generation = YES;
				INFOPLIST_KEY_UISupportedInterfaceOrientations_iPad = "UIInterfaceOrientationPortrait UIInterfaceOrientationPortraitUpsideDown UIInterfaceOrientationLandscapeLeft UIInterfaceOrientationLandscapeRight";
				INFOPLIST_KEY_UISupportedInterfaceOrientations_iPhone = "UIInterfaceOrientationPortrait UIInterfaceOrientationLandscapeLeft UIInterfaceOrientationLandscapeRight";
				IPHONEOS_DEPLOYMENT_TARGET = 15.2;
				LD_RUNPATH_SEARCH_PATHS = (
					"$(inherited)",
					"@executable_path/Frameworks",
				);
				MARKETING_VERSION = 1.0;
				PRODUCT_BUNDLE_IDENTIFIER = "Texas-A-m.Battery-Monitor";
				PRODUCT_NAME = "Battery Monitor";
				SDKROOT = iphoneos;
				SWIFT_EMIT_LOC_STRINGS = YES;
				SWIFT_VERSION = 5.0;
				TARGETED_DEVICE_FAMILY = "1,2";
				VALIDATE_PRODUCT = YES;
			};
			name = Release;
		};
		C81611B7279A64A300BCC7BC /* Debug */ = {
			isa = XCBuildConfiguration;
			buildSettings = {
				ASSETCATALOG_COMPILER_APPICON_NAME = AppIcon;
				ASSETCATALOG_COMPILER_GLOBAL_ACCENT_COLOR_NAME = AccentColor;
				CODE_SIGN_ENTITLEMENTS = macOS/macOS.entitlements;
				CODE_SIGN_IDENTITY = "-";
				CODE_SIGN_STYLE = Automatic;
				COMBINE_HIDPI_IMAGES = YES;
				CURRENT_PROJECT_VERSION = 1;
				DEVELOPMENT_TEAM = Q24TVVV3B5;
				ENABLE_HARDENED_RUNTIME = YES;
				ENABLE_PREVIEWS = YES;
				GENERATE_INFOPLIST_FILE = YES;
				INFOPLIST_KEY_NSHumanReadableCopyright = "";
				LD_RUNPATH_SEARCH_PATHS = (
					"$(inherited)",
					"@executable_path/../Frameworks",
				);
				MACOSX_DEPLOYMENT_TARGET = 12.0;
				MARKETING_VERSION = 1.0;
				PRODUCT_BUNDLE_IDENTIFIER = "Texas-A-m.Battery-Monitor";
				PRODUCT_NAME = "Battery Monitor";
				SDKROOT = macosx;
				SWIFT_EMIT_LOC_STRINGS = YES;
				SWIFT_VERSION = 5.0;
			};
			name = Debug;
		};
		C81611B8279A64A300BCC7BC /* Release */ = {
			isa = XCBuildConfiguration;
			buildSettings = {
				ASSETCATALOG_COMPILER_APPICON_NAME = AppIcon;
				ASSETCATALOG_COMPILER_GLOBAL_ACCENT_COLOR_NAME = AccentColor;
				CODE_SIGN_ENTITLEMENTS = macOS/macOS.entitlements;
				CODE_SIGN_IDENTITY = "-";
				CODE_SIGN_STYLE = Automatic;
				COMBINE_HIDPI_IMAGES = YES;
				CURRENT_PROJECT_VERSION = 1;
				DEVELOPMENT_TEAM = Q24TVVV3B5;
				ENABLE_HARDENED_RUNTIME = YES;
				ENABLE_PREVIEWS = YES;
				GENERATE_INFOPLIST_FILE = YES;
				INFOPLIST_KEY_NSHumanReadableCopyright = "";
				LD_RUNPATH_SEARCH_PATHS = (
					"$(inherited)",
					"@executable_path/../Frameworks",
				);
				MACOSX_DEPLOYMENT_TARGET = 12.0;
				MARKETING_VERSION = 1.0;
				PRODUCT_BUNDLE_IDENTIFIER = "Texas-A-m.Battery-Monitor";
				PRODUCT_NAME = "Battery Monitor";
				SDKROOT = macosx;
				SWIFT_EMIT_LOC_STRINGS = YES;
				SWIFT_VERSION = 5.0;
			};
			name = Release;
		};
		C81611BA279A64A300BCC7BC /* Debug */ = {
			isa = XCBuildConfiguration;
			buildSettings = {
				ALWAYS_EMBED_SWIFT_STANDARD_LIBRARIES = YES;
				CODE_SIGN_STYLE = Automatic;
				CURRENT_PROJECT_VERSION = 1;
				DEVELOPMENT_TEAM = Q24TVVV3B5;
				GENERATE_INFOPLIST_FILE = YES;
				IPHONEOS_DEPLOYMENT_TARGET = 15.2;
				MARKETING_VERSION = 1.0;
				PRODUCT_BUNDLE_IDENTIFIER = "Texas-A-m.Tests-iOS";
				PRODUCT_NAME = "$(TARGET_NAME)";
				SDKROOT = iphoneos;
				SWIFT_EMIT_LOC_STRINGS = NO;
				SWIFT_VERSION = 5.0;
				TARGETED_DEVICE_FAMILY = "1,2";
				TEST_TARGET_NAME = "Battery Monitor (iOS)";
			};
			name = Debug;
		};
		C81611BB279A64A300BCC7BC /* Release */ = {
			isa = XCBuildConfiguration;
			buildSettings = {
				ALWAYS_EMBED_SWIFT_STANDARD_LIBRARIES = YES;
				CODE_SIGN_STYLE = Automatic;
				CURRENT_PROJECT_VERSION = 1;
				DEVELOPMENT_TEAM = Q24TVVV3B5;
				GENERATE_INFOPLIST_FILE = YES;
				IPHONEOS_DEPLOYMENT_TARGET = 15.2;
				MARKETING_VERSION = 1.0;
				PRODUCT_BUNDLE_IDENTIFIER = "Texas-A-m.Tests-iOS";
				PRODUCT_NAME = "$(TARGET_NAME)";
				SDKROOT = iphoneos;
				SWIFT_EMIT_LOC_STRINGS = NO;
				SWIFT_VERSION = 5.0;
				TARGETED_DEVICE_FAMILY = "1,2";
				TEST_TARGET_NAME = "Battery Monitor (iOS)";
				VALIDATE_PRODUCT = YES;
			};
			name = Release;
		};
		C81611BD279A64A300BCC7BC /* Debug */ = {
			isa = XCBuildConfiguration;
			buildSettings = {
				ALWAYS_EMBED_SWIFT_STANDARD_LIBRARIES = YES;
				CODE_SIGN_STYLE = Automatic;
				CURRENT_PROJECT_VERSION = 1;
				DEVELOPMENT_TEAM = Q24TVVV3B5;
				GENERATE_INFOPLIST_FILE = YES;
				MACOSX_DEPLOYMENT_TARGET = 12.0;
				MARKETING_VERSION = 1.0;
				PRODUCT_BUNDLE_IDENTIFIER = "Texas-A-m.Tests-macOS";
				PRODUCT_NAME = "$(TARGET_NAME)";
				SDKROOT = macosx;
				SWIFT_EMIT_LOC_STRINGS = NO;
				SWIFT_VERSION = 5.0;
				TEST_TARGET_NAME = "Battery Monitor (macOS)";
			};
			name = Debug;
		};
		C81611BE279A64A300BCC7BC /* Release */ = {
			isa = XCBuildConfiguration;
			buildSettings = {
				ALWAYS_EMBED_SWIFT_STANDARD_LIBRARIES = YES;
				CODE_SIGN_STYLE = Automatic;
				CURRENT_PROJECT_VERSION = 1;
				DEVELOPMENT_TEAM = Q24TVVV3B5;
				GENERATE_INFOPLIST_FILE = YES;
				MACOSX_DEPLOYMENT_TARGET = 12.0;
				MARKETING_VERSION = 1.0;
				PRODUCT_BUNDLE_IDENTIFIER = "Texas-A-m.Tests-macOS";
				PRODUCT_NAME = "$(TARGET_NAME)";
				SDKROOT = macosx;
				SWIFT_EMIT_LOC_STRINGS = NO;
				SWIFT_VERSION = 5.0;
				TEST_TARGET_NAME = "Battery Monitor (macOS)";
			};
			name = Release;
		};
/* End XCBuildConfiguration section */

/* Begin XCConfigurationList section */
		C8161181279A64A200BCC7BC /* Build configuration list for PBXProject "Battery Monitor" */ = {
			isa = XCConfigurationList;
			buildConfigurations = (
				C81611B1279A64A300BCC7BC /* Debug */,
				C81611B2279A64A300BCC7BC /* Release */,
			);
			defaultConfigurationIsVisible = 0;
			defaultConfigurationName = Release;
		};
		C81611B3279A64A300BCC7BC /* Build configuration list for PBXNativeTarget "Battery Monitor (iOS)" */ = {
			isa = XCConfigurationList;
			buildConfigurations = (
				C81611B4279A64A300BCC7BC /* Debug */,
				C81611B5279A64A300BCC7BC /* Release */,
			);
			defaultConfigurationIsVisible = 0;
			defaultConfigurationName = Release;
		};
		C81611B6279A64A300BCC7BC /* Build configuration list for PBXNativeTarget "Battery Monitor (macOS)" */ = {
			isa = XCConfigurationList;
			buildConfigurations = (
				C81611B7279A64A300BCC7BC /* Debug */,
				C81611B8279A64A300BCC7BC /* Release */,
			);
			defaultConfigurationIsVisible = 0;
			defaultConfigurationName = Release;
		};
		C81611B9279A64A300BCC7BC /* Build configuration list for PBXNativeTarget "Tests iOS" */ = {
			isa = XCConfigurationList;
			buildConfigurations = (
				C81611BA279A64A300BCC7BC /* Debug */,
				C81611BB279A64A300BCC7BC /* Release */,
			);
			defaultConfigurationIsVisible = 0;
			defaultConfigurationName = Release;
		};
		C81611BC279A64A300BCC7BC /* Build configuration list for PBXNativeTarget "Tests macOS" */ = {
			isa = XCConfigurationList;
			buildConfigurations = (
				C81611BD279A64A300BCC7BC /* Debug */,
				C81611BE279A64A300BCC7BC /* Release */,
			);
			defaultConfigurationIsVisible = 0;
			defaultConfigurationName = Release;
		};
/* End XCConfigurationList section */

/* Begin XCRemoteSwiftPackageReference section */
		C81611BF279A66E300BCC7BC /* XCRemoteSwiftPackageReference "ChartView" */ = {
			isa = XCRemoteSwiftPackageReference;
			repositoryURL = "https://github.com/AppPear/ChartView";
			requirement = {
				kind = upToNextMajorVersion;
				minimumVersion = 1.0.0;
			};
		};
/* End XCRemoteSwiftPackageReference section */

/* Begin XCSwiftPackageProductDependency section */
		C81611C0279A66E300BCC7BC /* SwiftUICharts */ = {
			isa = XCSwiftPackageProductDependency;
			package = C81611BF279A66E300BCC7BC /* XCRemoteSwiftPackageReference "ChartView" */;
			productName = SwiftUICharts;
		};
/* End XCSwiftPackageProductDependency section */
	};
	rootObject = C816117E279A64A200BCC7BC /* Project object */;
}
